PODS:
  - Bolts (1.7.0):
    - Bolts/AppLinks (= 1.7.0)
    - Bolts/Tasks (= 1.7.0)
  - Bolts/AppLinks (1.7.0):
    - Bolts/Tasks
  - Bolts/Tasks (1.7.0)
  - Fabric (1.6.7)
  - FBSDKCoreKit (4.10.1):
    - Bolts (~> 1.5)
  - FBSDKLoginKit (4.10.1):
    - FBSDKCoreKit
  - NCMB (2.3.0)
  - TwitterCore (2.0.2):
    - Fabric
  - TwitterKit (2.0.2):
    - TwitterCore (= 2.0.2)

DEPENDENCIES:
  - Fabric
  - FBSDKCoreKit
  - FBSDKLoginKit
  - NCMB (from `https://github.com/NIFTYCloud-mbaas/ncmb_ios.git`)
  - TwitterCore
  - TwitterKit

EXTERNAL SOURCES:
  NCMB:
    :git: https://github.com/NIFTYCloud-mbaas/ncmb_ios.git

CHECKOUT OPTIONS:
  NCMB:
    :commit: e599f10d7dadb6b4248d3e5bf9d674d6ad2b212d
    :git: https://github.com/NIFTYCloud-mbaas/ncmb_ios.git

SPEC CHECKSUMS:
  Bolts: a0058fa3b331c5a1e4402d534f2dae36dbff31e4
  Fabric: caf7580c725e64db144f610ac65cd60956911dc7
  FBSDKCoreKit: d2aaed5e9ab7d8d6301c533376a1fbff1cf3deb5
  FBSDKLoginKit: 699ff169080e3072de4b9b0faca90bf23dc36deb
  NCMB: a153b3f99d7b3d530eba60dba065487c63962e2d
  TwitterCore: 0f44d8980a6879d5205dcb4e010d15e643e56fa0
  TwitterKit: c4e40f289a3d7cc9fab9f241edd7502385468b65

COCOAPODS: 0.39.0
