// !$*UTF8*$!
{
	archiveVersion = 1;
	classes = {
	};
	objectVersion = 46;
	objects = {

/* Begin PBXBuildFile section */
		3219A2371C70468900D1A6AF /* TimelineCell.swift in Sources */ = {isa = PBXBuildFile; fileRef = 3219A2351C70468900D1A6AF /* TimelineCell.swift */; };
		3219A2381C70468900D1A6AF /* CustomTableViewCell.xib in Resources */ = {isa = PBXBuildFile; fileRef = 3219A2361C70468900D1A6AF /* CustomTableViewCell.xib */; };
		3289D2341C6A1C3000B4C65A /* SubmitViewController.swift in Sources */ = {isa = PBXBuildFile; fileRef = 3289D2331C6A1C3000B4C65A /* SubmitViewController.swift */; };
		3289D2361C6A1C5300B4C65A /* TimeLineViewController.swift in Sources */ = {isa = PBXBuildFile; fileRef = 3289D2351C6A1C5300B4C65A /* TimeLineViewController.swift */; };
		3289D2381C6A1C6000B4C65A /* LogViewController.swift in Sources */ = {isa = PBXBuildFile; fileRef = 3289D2371C6A1C6000B4C65A /* LogViewController.swift */; };
		3289D23C1C6A1C8000B4C65A /* SearchViewController.swift in Sources */ = {isa = PBXBuildFile; fileRef = 3289D23B1C6A1C8000B4C65A /* SearchViewController.swift */; };
		32A088A81CED9EEE00BECCA5 /* SignInViewController.swift in Sources */ = {isa = PBXBuildFile; fileRef = 32A088A71CED9EEE00BECCA5 /* SignInViewController.swift */; };
		32C0A33E1C5DF8ED009657B9 /* AppDelegate.swift in Sources */ = {isa = PBXBuildFile; fileRef = 32C0A33D1C5DF8ED009657B9 /* AppDelegate.swift */; };
		32C0A3401C5DF8ED009657B9 /* ViewController.swift in Sources */ = {isa = PBXBuildFile; fileRef = 32C0A33F1C5DF8ED009657B9 /* ViewController.swift */; };
		32C0A3431C5DF8ED009657B9 /* Main.storyboard in Resources */ = {isa = PBXBuildFile; fileRef = 32C0A3411C5DF8ED009657B9 /* Main.storyboard */; };
		32C0A3481C5DF8ED009657B9 /* LaunchScreen.storyboard in Resources */ = {isa = PBXBuildFile; fileRef = 32C0A3461C5DF8ED009657B9 /* LaunchScreen.storyboard */; };
		32C0A3531C5DF8EE009657B9 /* masterchTests.swift in Sources */ = {isa = PBXBuildFile; fileRef = 32C0A3521C5DF8EE009657B9 /* masterchTests.swift */; };
		32C0A35E1C5DF8EE009657B9 /* masterchUITests.swift in Sources */ = {isa = PBXBuildFile; fileRef = 32C0A35D1C5DF8EE009657B9 /* masterchUITests.swift */; };
		32E6CF751C76DD4F00904B74 /* PostDetailViewController.swift in Sources */ = {isa = PBXBuildFile; fileRef = 32E6CF741C76DD4F00904B74 /* PostDetailViewController.swift */; };
		E0B7E0BA07F94C20BB5A1280 /* libPods-masterch.a in Frameworks */ = {isa = PBXBuildFile; fileRef = 2256E15F2038E12B35758EC6 /* libPods-masterch.a */; };
		ED21521F1D11565C0027AFC4 /* NotificationManager.swift in Sources */ = {isa = PBXBuildFile; fileRef = ED21521E1D11565C0027AFC4 /* NotificationManager.swift */; };
		ED2152481D11883A0027AFC4 /* UserList.storyboard in Resources */ = {isa = PBXBuildFile; fileRef = ED2152441D1188390027AFC4 /* UserList.storyboard */; };
		ED2152491D11883A0027AFC4 /* UserListTableViewCell.swift in Sources */ = {isa = PBXBuildFile; fileRef = ED2152451D1188390027AFC4 /* UserListTableViewCell.swift */; };
		ED21524A1D11883A0027AFC4 /* UserListTableViewCell.xib in Resources */ = {isa = PBXBuildFile; fileRef = ED2152461D11883A0027AFC4 /* UserListTableViewCell.xib */; };
		ED21524B1D11883A0027AFC4 /* UserListViewController.swift in Sources */ = {isa = PBXBuildFile; fileRef = ED2152471D11883A0027AFC4 /* UserListViewController.swift */; };
		ED21524D1D1188E80027AFC4 /* OtherAccount.storyboard in Resources */ = {isa = PBXBuildFile; fileRef = ED21524C1D1188E80027AFC4 /* OtherAccount.storyboard */; };
		ED23B7A31C7B475B009AEDA5 /* CalendarManager.swift in Sources */ = {isa = PBXBuildFile; fileRef = ED23B79F1C7B475B009AEDA5 /* CalendarManager.swift */; };
		ED23B7A41C7B475B009AEDA5 /* CalendarMonthView.swift in Sources */ = {isa = PBXBuildFile; fileRef = ED23B7A01C7B475B009AEDA5 /* CalendarMonthView.swift */; };
		ED23B7A51C7B475B009AEDA5 /* CalendarView.swift in Sources */ = {isa = PBXBuildFile; fileRef = ED23B7A11C7B475B009AEDA5 /* CalendarView.swift */; };
		ED3107EB1D101A2100FE3D32 /* CommentTableViewCell.swift in Sources */ = {isa = PBXBuildFile; fileRef = ED3107EA1D101A2100FE3D32 /* CommentTableViewCell.swift */; };
		ED3107ED1D101A4500FE3D32 /* CommentTableViewCell.xib in Resources */ = {isa = PBXBuildFile; fileRef = ED3107EC1D101A4500FE3D32 /* CommentTableViewCell.xib */; };
		ED3107EF1D101A7E00FE3D32 /* PostDetailTableViewCell.swift in Sources */ = {isa = PBXBuildFile; fileRef = ED3107EE1D101A7E00FE3D32 /* PostDetailTableViewCell.swift */; };
		ED3107F11D101B0B00FE3D32 /* PostDetailTableViewCell.xib in Resources */ = {isa = PBXBuildFile; fileRef = ED3107F01D101B0B00FE3D32 /* PostDetailTableViewCell.xib */; };
		ED3107F31D101D3700FE3D32 /* SearchUserTableViewCell.swift in Sources */ = {isa = PBXBuildFile; fileRef = ED3107F21D101D3700FE3D32 /* SearchUserTableViewCell.swift */; };
		ED3107F51D101D4F00FE3D32 /* SearchUserTableViewController.swift in Sources */ = {isa = PBXBuildFile; fileRef = ED3107F41D101D4F00FE3D32 /* SearchUserTableViewController.swift */; };
		ED3107F71D101D5A00FE3D32 /* OtherAccountViewController.swift in Sources */ = {isa = PBXBuildFile; fileRef = ED3107F61D101D5A00FE3D32 /* OtherAccountViewController.swift */; };
		ED3107F91D102A9800FE3D32 /* NotificationTableViewController.swift in Sources */ = {isa = PBXBuildFile; fileRef = ED3107F81D102A9800FE3D32 /* NotificationTableViewController.swift */; };
		ED3108031D10322600FE3D32 /* NotificationCommentTableViewCell.swift in Sources */ = {isa = PBXBuildFile; fileRef = ED3108001D10322600FE3D32 /* NotificationCommentTableViewCell.swift */; };
		ED3108041D10322600FE3D32 /* NotificationFollowTableViewCell.swift in Sources */ = {isa = PBXBuildFile; fileRef = ED3108011D10322600FE3D32 /* NotificationFollowTableViewCell.swift */; };
		ED3108051D10322600FE3D32 /* NotificationLikeTableViewCell.swift in Sources */ = {isa = PBXBuildFile; fileRef = ED3108021D10322600FE3D32 /* NotificationLikeTableViewCell.swift */; };
		ED3282ED1CDEE52A009602C9 /* ColorKeyboard.xib in Resources */ = {isa = PBXBuildFile; fileRef = ED3282EC1CDEE52A009602C9 /* ColorKeyboard.xib */; };
		ED3644561C9D657600C6676C /* TimeLine.storyboard in Resources */ = {isa = PBXBuildFile; fileRef = ED3644551C9D657600C6676C /* TimeLine.storyboard */; };
		ED3644581C9D658A00C6676C /* Search.storyboard in Resources */ = {isa = PBXBuildFile; fileRef = ED3644571C9D658A00C6676C /* Search.storyboard */; };
		ED36445A1C9D659A00C6676C /* Log.storyboard in Resources */ = {isa = PBXBuildFile; fileRef = ED3644591C9D659A00C6676C /* Log.storyboard */; };
		ED36445C1C9D65AA00C6676C /* Account.storyboard in Resources */ = {isa = PBXBuildFile; fileRef = ED36445B1C9D65AA00C6676C /* Account.storyboard */; };
		ED36445E1C9D65C000C6676C /* Notification.storyboard in Resources */ = {isa = PBXBuildFile; fileRef = ED36445D1C9D65C000C6676C /* Notification.storyboard */; };
		ED3644601C9D6DBA00C6676C /* Submit.storyboard in Resources */ = {isa = PBXBuildFile; fileRef = ED36445F1C9D6DBA00C6676C /* Submit.storyboard */; };
		ED3707931D36427E00F892B0 /* ColorManager.swift in Sources */ = {isa = PBXBuildFile; fileRef = ED3707921D36427E00F892B0 /* ColorManager.swift */; };
		ED390BC81D3E6A120053FABF /* PINCache.framework in Frameworks */ = {isa = PBXBuildFile; fileRef = ED390BC71D3E6A120053FABF /* PINCache.framework */; };
		ED390BC91D3E6A120053FABF /* PINCache.framework in CopyFiles */ = {isa = PBXBuildFile; fileRef = ED390BC71D3E6A120053FABF /* PINCache.framework */; settings = {ATTRIBUTES = (CodeSignOnCopy, RemoveHeadersOnCopy, ); }; };
		ED402DCC1D34460C0098F843 /* images.xcassets in Resources */ = {isa = PBXBuildFile; fileRef = ED402DCB1D34460C0098F843 /* images.xcassets */; };
		ED4512B01CEF33CB0071FA58 /* Title.storyboard in Resources */ = {isa = PBXBuildFile; fileRef = ED4512AF1CEF33CB0071FA58 /* Title.storyboard */; };
		ED5274EB1D23CD2D0088481F /* LogPostedProgressBar.swift in Sources */ = {isa = PBXBuildFile; fileRef = ED5274EA1D23CD2D0088481F /* LogPostedProgressBar.swift */; };
		ED53BAFD1D35176F0089A03A /* GoodOrBadKeyboard.xib in Resources */ = {isa = PBXBuildFile; fileRef = ED53BAFC1D35176F0089A03A /* GoodOrBadKeyboard.xib */; };
		ED652C4C1D29C2B60004BE9F /* MainTabViewController.swift in Sources */ = {isa = PBXBuildFile; fileRef = ED652C4B1D29C2B60004BE9F /* MainTabViewController.swift */; };
		ED652C4E1D29C2C70004BE9F /* SubmitDummyViewController.swift in Sources */ = {isa = PBXBuildFile; fileRef = ED652C4D1D29C2C70004BE9F /* SubmitDummyViewController.swift */; };
		ED6AF8CA1D16B535003FBC5C /* DropdownMenu.framework in Frameworks */ = {isa = PBXBuildFile; fileRef = ED6AF8C91D16B535003FBC5C /* DropdownMenu.framework */; };
		ED6AF8CB1D16B535003FBC5C /* DropdownMenu.framework in CopyFiles */ = {isa = PBXBuildFile; fileRef = ED6AF8C91D16B535003FBC5C /* DropdownMenu.framework */; settings = {ATTRIBUTES = (CodeSignOnCopy, RemoveHeadersOnCopy, ); }; };
		ED6AF8CD1D16B577003FBC5C /* SVProgressHUD.framework in Frameworks */ = {isa = PBXBuildFile; fileRef = ED6AF8CC1D16B577003FBC5C /* SVProgressHUD.framework */; };
		ED6AF8CE1D16B577003FBC5C /* SVProgressHUD.framework in CopyFiles */ = {isa = PBXBuildFile; fileRef = ED6AF8CC1D16B577003FBC5C /* SVProgressHUD.framework */; settings = {ATTRIBUTES = (CodeSignOnCopy, RemoveHeadersOnCopy, ); }; };
		ED6ED06D1D387ACD005B0053 /* GCDManager.swift in Sources */ = {isa = PBXBuildFile; fileRef = ED6ED06C1D387ACD005B0053 /* GCDManager.swift */; };
		ED720CD11D180B2400477608 /* CalendarLogCollerManager.swift in Sources */ = {isa = PBXBuildFile; fileRef = ED720CD01D180B2400477608 /* CalendarLogCollerManager.swift */; };
		ED720CD31D188D6500477608 /* LogNavigationController.swift in Sources */ = {isa = PBXBuildFile; fileRef = ED720CD21D188D6500477608 /* LogNavigationController.swift */; };
		ED720CD51D18A8CA00477608 /* LogQueryManager.swift in Sources */ = {isa = PBXBuildFile; fileRef = ED720CD41D18A8CA00477608 /* LogQueryManager.swift */; };
		ED779B0A1C8DCB9100C3027C /* SwiftDate.framework in Frameworks */ = {isa = PBXBuildFile; fileRef = ED779B091C8DCB9100C3027C /* SwiftDate.framework */; };
		ED779B0C1C8ED0F700C3027C /* SwiftDate.framework in CopyFiles */ = {isa = PBXBuildFile; fileRef = ED779B091C8DCB9100C3027C /* SwiftDate.framework */; settings = {ATTRIBUTES = (CodeSignOnCopy, RemoveHeadersOnCopy, ); }; };
		ED7A79051D2027220087BCCD /* DZNEmptyDataSet.framework in Frameworks */ = {isa = PBXBuildFile; fileRef = ED7A79041D2027220087BCCD /* DZNEmptyDataSet.framework */; };
		ED7A79061D2027220087BCCD /* DZNEmptyDataSet.framework in CopyFiles */ = {isa = PBXBuildFile; fileRef = ED7A79041D2027220087BCCD /* DZNEmptyDataSet.framework */; settings = {ATTRIBUTES = (CodeSignOnCopy, RemoveHeadersOnCopy, ); }; };
		ED8322D41C8EFDF700122BA2 /* SignUpViewController.swift in Sources */ = {isa = PBXBuildFile; fileRef = ED8322D31C8EFDF700122BA2 /* SignUpViewController.swift */; };
		EDA4DC6E1C82F0FB005FE126 /* CalendarSwiftDateView.swift in Sources */ = {isa = PBXBuildFile; fileRef = EDA4DC6D1C82F0FB005FE126 /* CalendarSwiftDateView.swift */; };
		EDA4DC701C82F163005FE126 /* CalendarWeekView.swift in Sources */ = {isa = PBXBuildFile; fileRef = EDA4DC6F1C82F163005FE126 /* CalendarWeekView.swift */; };
		EDA4DC721C82F190005FE126 /* CalendarAnotherView.swift in Sources */ = {isa = PBXBuildFile; fileRef = EDA4DC711C82F190005FE126 /* CalendarAnotherView.swift */; };
		EDA866781CBC93050074A71D /* SetProfileViewController.swift in Sources */ = {isa = PBXBuildFile; fileRef = EDA866771CBC93050074A71D /* SetProfileViewController.swift */; };
		EDA94FD31CEEC48700A42E8A /* UIExtension.swift in Sources */ = {isa = PBXBuildFile; fileRef = EDA94FD21CEEC48700A42E8A /* UIExtension.swift */; };
		EDB04C751CC5190500FDEB14 /* UserData.swift in Sources */ = {isa = PBXBuildFile; fileRef = EDB04C741CC5190500FDEB14 /* UserData.swift */; };
		EDB04C771CC67C8A00FDEB14 /* TopViewController.swift in Sources */ = {isa = PBXBuildFile; fileRef = EDB04C761CC67C8A00FDEB14 /* TopViewController.swift */; };
		EDB4AF581CE37AE2002781F3 /* ContainerSnsViewController.swift in Sources */ = {isa = PBXBuildFile; fileRef = EDB4AF571CE37AE2002781F3 /* ContainerSnsViewController.swift */; };
		EDB4FEFE1CBBFAFE00A318EA /* EditProfileTableViewController.swift in Sources */ = {isa = PBXBuildFile; fileRef = EDB4FEFD1CBBFAFE00A318EA /* EditProfileTableViewController.swift */; };
		EDBADE2E1D2483FB0048957A /* AccountViewController.swift in Sources */ = {isa = PBXBuildFile; fileRef = EDBADE2D1D2483FB0048957A /* AccountViewController.swift */; };
		EDBADE301D2489490048957A /* ProfileCell.swift in Sources */ = {isa = PBXBuildFile; fileRef = EDBADE2F1D2489490048957A /* ProfileCell.swift */; };
		EDBADE321D2489690048957A /* ThreeCircleCell.swift in Sources */ = {isa = PBXBuildFile; fileRef = EDBADE311D2489690048957A /* ThreeCircleCell.swift */; };
		EDCBEE721CCA793700317BCE /* PostDetail.storyboard in Resources */ = {isa = PBXBuildFile; fileRef = EDCBEE711CCA793700317BCE /* PostDetail.storyboard */; };
		EDE355F21CB284CD006C7C0A /* CommentFile.swift in Sources */ = {isa = PBXBuildFile; fileRef = EDE355F11CB284CD006C7C0A /* CommentFile.swift */; };
		EDEF991E1C9EC13500B6D69D /* ContainerProfileViewController.swift in Sources */ = {isa = PBXBuildFile; fileRef = EDEF991D1C9EC13500B6D69D /* ContainerProfileViewController.swift */; };
/* End PBXBuildFile section */

/* Begin PBXContainerItemProxy section */
		32C0A34F1C5DF8EE009657B9 /* PBXContainerItemProxy */ = {
			isa = PBXContainerItemProxy;
			containerPortal = 32C0A3321C5DF8ED009657B9 /* Project object */;
			proxyType = 1;
			remoteGlobalIDString = 32C0A3391C5DF8ED009657B9;
			remoteInfo = masterch;
		};
		32C0A35A1C5DF8EE009657B9 /* PBXContainerItemProxy */ = {
			isa = PBXContainerItemProxy;
			containerPortal = 32C0A3321C5DF8ED009657B9 /* Project object */;
			proxyType = 1;
			remoteGlobalIDString = 32C0A3391C5DF8ED009657B9;
			remoteInfo = masterch;
		};
/* End PBXContainerItemProxy section */

/* Begin PBXCopyFilesBuildPhase section */
		ED779B0B1C8ED0D300C3027C /* CopyFiles */ = {
			isa = PBXCopyFilesBuildPhase;
			buildActionMask = 2147483647;
			dstPath = "";
			dstSubfolderSpec = 10;
			files = (
				ED390BC91D3E6A120053FABF /* PINCache.framework in CopyFiles */,
				ED6AF8CE1D16B577003FBC5C /* SVProgressHUD.framework in CopyFiles */,
				ED6AF8CB1D16B535003FBC5C /* DropdownMenu.framework in CopyFiles */,
				ED7A79061D2027220087BCCD /* DZNEmptyDataSet.framework in CopyFiles */,
				ED779B0C1C8ED0F700C3027C /* SwiftDate.framework in CopyFiles */,
			);
			runOnlyForDeploymentPostprocessing = 0;
		};
/* End PBXCopyFilesBuildPhase section */

/* Begin PBXFileReference section */
		2256E15F2038E12B35758EC6 /* libPods-masterch.a */ = {isa = PBXFileReference; explicitFileType = archive.ar; includeInIndex = 0; path = "libPods-masterch.a"; sourceTree = BUILT_PRODUCTS_DIR; };
		3219A2351C70468900D1A6AF /* TimelineCell.swift */ = {isa = PBXFileReference; fileEncoding = 4; lastKnownFileType = sourcecode.swift; path = TimelineCell.swift; sourceTree = "<group>"; };
		3219A2361C70468900D1A6AF /* CustomTableViewCell.xib */ = {isa = PBXFileReference; fileEncoding = 4; lastKnownFileType = file.xib; path = CustomTableViewCell.xib; sourceTree = "<group>"; };
		3289D2331C6A1C3000B4C65A /* SubmitViewController.swift */ = {isa = PBXFileReference; fileEncoding = 4; lastKnownFileType = sourcecode.swift; path = SubmitViewController.swift; sourceTree = "<group>"; };
		3289D2351C6A1C5300B4C65A /* TimeLineViewController.swift */ = {isa = PBXFileReference; fileEncoding = 4; lastKnownFileType = sourcecode.swift; path = TimeLineViewController.swift; sourceTree = "<group>"; };
		3289D2371C6A1C6000B4C65A /* LogViewController.swift */ = {isa = PBXFileReference; fileEncoding = 4; lastKnownFileType = sourcecode.swift; path = LogViewController.swift; sourceTree = "<group>"; };
		3289D23B1C6A1C8000B4C65A /* SearchViewController.swift */ = {isa = PBXFileReference; fileEncoding = 4; lastKnownFileType = sourcecode.swift; name = SearchViewController.swift; path = masterch/SearchViewController.swift; sourceTree = "<group>"; };
		3289D2791C6BA1B300B4C65A /* masterch-Bridging-Header.h */ = {isa = PBXFileReference; lastKnownFileType = sourcecode.c.h; path = "masterch-Bridging-Header.h"; sourceTree = "<group>"; };
		328BF13C1CED546B00B99CBF /* ja */ = {isa = PBXFileReference; lastKnownFileType = text.plist.strings; name = ja; path = ja.lproj/Main.strings; sourceTree = "<group>"; };
		328BF13D1CED546B00B99CBF /* ja */ = {isa = PBXFileReference; lastKnownFileType = text.plist.strings; name = ja; path = ja.lproj/LaunchScreen.strings; sourceTree = "<group>"; };
		32A088A71CED9EEE00BECCA5 /* SignInViewController.swift */ = {isa = PBXFileReference; fileEncoding = 4; lastKnownFileType = sourcecode.swift; path = SignInViewController.swift; sourceTree = "<group>"; };
		32C0A33A1C5DF8ED009657B9 /* masterch.app */ = {isa = PBXFileReference; explicitFileType = wrapper.application; includeInIndex = 0; path = masterch.app; sourceTree = BUILT_PRODUCTS_DIR; };
		32C0A33D1C5DF8ED009657B9 /* AppDelegate.swift */ = {isa = PBXFileReference; lastKnownFileType = sourcecode.swift; path = AppDelegate.swift; sourceTree = "<group>"; };
		32C0A33F1C5DF8ED009657B9 /* ViewController.swift */ = {isa = PBXFileReference; lastKnownFileType = sourcecode.swift; path = ViewController.swift; sourceTree = "<group>"; };
		32C0A3421C5DF8ED009657B9 /* Base */ = {isa = PBXFileReference; lastKnownFileType = file.storyboard; name = Base; path = Base.lproj/Main.storyboard; sourceTree = "<group>"; };
		32C0A3471C5DF8ED009657B9 /* Base */ = {isa = PBXFileReference; lastKnownFileType = file.storyboard; name = Base; path = Base.lproj/LaunchScreen.storyboard; sourceTree = "<group>"; };
		32C0A3491C5DF8ED009657B9 /* Info.plist */ = {isa = PBXFileReference; lastKnownFileType = text.plist.xml; path = Info.plist; sourceTree = "<group>"; };
		32C0A34E1C5DF8EE009657B9 /* masterchTests.xctest */ = {isa = PBXFileReference; explicitFileType = wrapper.cfbundle; includeInIndex = 0; path = masterchTests.xctest; sourceTree = BUILT_PRODUCTS_DIR; };
		32C0A3521C5DF8EE009657B9 /* masterchTests.swift */ = {isa = PBXFileReference; lastKnownFileType = sourcecode.swift; path = masterchTests.swift; sourceTree = "<group>"; };
		32C0A3541C5DF8EE009657B9 /* Info.plist */ = {isa = PBXFileReference; lastKnownFileType = text.plist.xml; path = Info.plist; sourceTree = "<group>"; };
		32C0A3591C5DF8EE009657B9 /* masterchUITests.xctest */ = {isa = PBXFileReference; explicitFileType = wrapper.cfbundle; includeInIndex = 0; path = masterchUITests.xctest; sourceTree = BUILT_PRODUCTS_DIR; };
		32C0A35D1C5DF8EE009657B9 /* masterchUITests.swift */ = {isa = PBXFileReference; lastKnownFileType = sourcecode.swift; path = masterchUITests.swift; sourceTree = "<group>"; };
		32C0A35F1C5DF8EE009657B9 /* Info.plist */ = {isa = PBXFileReference; lastKnownFileType = text.plist.xml; path = Info.plist; sourceTree = "<group>"; };
		32E6CF741C76DD4F00904B74 /* PostDetailViewController.swift */ = {isa = PBXFileReference; fileEncoding = 4; lastKnownFileType = sourcecode.swift; path = PostDetailViewController.swift; sourceTree = "<group>"; };
		3CC6FA301452F9BE8446E0CB /* Pods-masterch.release.xcconfig */ = {isa = PBXFileReference; includeInIndex = 1; lastKnownFileType = text.xcconfig; name = "Pods-masterch.release.xcconfig"; path = "Pods/Target Support Files/Pods-masterch/Pods-masterch.release.xcconfig"; sourceTree = "<group>"; };
		DDDA2AF98486C953A99F98DB /* Pods-masterch.debug.xcconfig */ = {isa = PBXFileReference; includeInIndex = 1; lastKnownFileType = text.xcconfig; name = "Pods-masterch.debug.xcconfig"; path = "Pods/Target Support Files/Pods-masterch/Pods-masterch.debug.xcconfig"; sourceTree = "<group>"; };
		ED21521E1D11565C0027AFC4 /* NotificationManager.swift */ = {isa = PBXFileReference; fileEncoding = 4; lastKnownFileType = sourcecode.swift; name = NotificationManager.swift; path = masterch/NotificationManager.swift; sourceTree = "<group>"; };
		ED2152441D1188390027AFC4 /* UserList.storyboard */ = {isa = PBXFileReference; fileEncoding = 4; lastKnownFileType = file.storyboard; path = UserList.storyboard; sourceTree = "<group>"; };
		ED2152451D1188390027AFC4 /* UserListTableViewCell.swift */ = {isa = PBXFileReference; fileEncoding = 4; lastKnownFileType = sourcecode.swift; path = UserListTableViewCell.swift; sourceTree = "<group>"; };
		ED2152461D11883A0027AFC4 /* UserListTableViewCell.xib */ = {isa = PBXFileReference; fileEncoding = 4; lastKnownFileType = file.xib; path = UserListTableViewCell.xib; sourceTree = "<group>"; };
		ED2152471D11883A0027AFC4 /* UserListViewController.swift */ = {isa = PBXFileReference; fileEncoding = 4; lastKnownFileType = sourcecode.swift; path = UserListViewController.swift; sourceTree = "<group>"; };
		ED21524C1D1188E80027AFC4 /* OtherAccount.storyboard */ = {isa = PBXFileReference; fileEncoding = 4; lastKnownFileType = file.storyboard; name = OtherAccount.storyboard; path = masterch/OtherAccount.storyboard; sourceTree = "<group>"; };
		ED23B79F1C7B475B009AEDA5 /* CalendarManager.swift */ = {isa = PBXFileReference; fileEncoding = 4; lastKnownFileType = sourcecode.swift; path = CalendarManager.swift; sourceTree = "<group>"; };
		ED23B7A01C7B475B009AEDA5 /* CalendarMonthView.swift */ = {isa = PBXFileReference; fileEncoding = 4; lastKnownFileType = sourcecode.swift; path = CalendarMonthView.swift; sourceTree = "<group>"; };
		ED23B7A11C7B475B009AEDA5 /* CalendarView.swift */ = {isa = PBXFileReference; fileEncoding = 4; lastKnownFileType = sourcecode.swift; path = CalendarView.swift; sourceTree = "<group>"; };
		ED3107EA1D101A2100FE3D32 /* CommentTableViewCell.swift */ = {isa = PBXFileReference; fileEncoding = 4; lastKnownFileType = sourcecode.swift; path = CommentTableViewCell.swift; sourceTree = "<group>"; };
		ED3107EC1D101A4500FE3D32 /* CommentTableViewCell.xib */ = {isa = PBXFileReference; fileEncoding = 4; lastKnownFileType = file.xib; path = CommentTableViewCell.xib; sourceTree = "<group>"; };
		ED3107EE1D101A7E00FE3D32 /* PostDetailTableViewCell.swift */ = {isa = PBXFileReference; fileEncoding = 4; lastKnownFileType = sourcecode.swift; path = PostDetailTableViewCell.swift; sourceTree = "<group>"; };
		ED3107F01D101B0B00FE3D32 /* PostDetailTableViewCell.xib */ = {isa = PBXFileReference; fileEncoding = 4; lastKnownFileType = file.xib; path = PostDetailTableViewCell.xib; sourceTree = "<group>"; };
		ED3107F21D101D3700FE3D32 /* SearchUserTableViewCell.swift */ = {isa = PBXFileReference; fileEncoding = 4; lastKnownFileType = sourcecode.swift; name = SearchUserTableViewCell.swift; path = masterch/SearchUserTableViewCell.swift; sourceTree = "<group>"; };
		ED3107F41D101D4F00FE3D32 /* SearchUserTableViewController.swift */ = {isa = PBXFileReference; fileEncoding = 4; lastKnownFileType = sourcecode.swift; name = SearchUserTableViewController.swift; path = masterch/SearchUserTableViewController.swift; sourceTree = "<group>"; };
		ED3107F61D101D5A00FE3D32 /* OtherAccountViewController.swift */ = {isa = PBXFileReference; fileEncoding = 4; lastKnownFileType = sourcecode.swift; name = OtherAccountViewController.swift; path = masterch/OtherAccountViewController.swift; sourceTree = "<group>"; };
		ED3107F81D102A9800FE3D32 /* NotificationTableViewController.swift */ = {isa = PBXFileReference; fileEncoding = 4; lastKnownFileType = sourcecode.swift; name = NotificationTableViewController.swift; path = masterch/NotificationTableViewController.swift; sourceTree = "<group>"; };
		ED3108001D10322600FE3D32 /* NotificationCommentTableViewCell.swift */ = {isa = PBXFileReference; fileEncoding = 4; lastKnownFileType = sourcecode.swift; name = NotificationCommentTableViewCell.swift; path = masterch/NotificationCommentTableViewCell.swift; sourceTree = "<group>"; };
		ED3108011D10322600FE3D32 /* NotificationFollowTableViewCell.swift */ = {isa = PBXFileReference; fileEncoding = 4; lastKnownFileType = sourcecode.swift; name = NotificationFollowTableViewCell.swift; path = masterch/NotificationFollowTableViewCell.swift; sourceTree = "<group>"; };
		ED3108021D10322600FE3D32 /* NotificationLikeTableViewCell.swift */ = {isa = PBXFileReference; fileEncoding = 4; lastKnownFileType = sourcecode.swift; name = NotificationLikeTableViewCell.swift; path = masterch/NotificationLikeTableViewCell.swift; sourceTree = "<group>"; };
		ED3282EC1CDEE52A009602C9 /* ColorKeyboard.xib */ = {isa = PBXFileReference; fileEncoding = 4; lastKnownFileType = file.xib; path = ColorKeyboard.xib; sourceTree = "<group>"; };
		ED3644551C9D657600C6676C /* TimeLine.storyboard */ = {isa = PBXFileReference; fileEncoding = 4; lastKnownFileType = file.storyboard; path = TimeLine.storyboard; sourceTree = "<group>"; };
		ED3644571C9D658A00C6676C /* Search.storyboard */ = {isa = PBXFileReference; fileEncoding = 4; lastKnownFileType = file.storyboard; name = Search.storyboard; path = masterch/Search.storyboard; sourceTree = "<group>"; };
		ED3644591C9D659A00C6676C /* Log.storyboard */ = {isa = PBXFileReference; fileEncoding = 4; lastKnownFileType = file.storyboard; path = Log.storyboard; sourceTree = "<group>"; };
		ED36445B1C9D65AA00C6676C /* Account.storyboard */ = {isa = PBXFileReference; fileEncoding = 4; lastKnownFileType = file.storyboard; path = Account.storyboard; sourceTree = "<group>"; };
		ED36445D1C9D65C000C6676C /* Notification.storyboard */ = {isa = PBXFileReference; fileEncoding = 4; lastKnownFileType = file.storyboard; name = Notification.storyboard; path = masterch/Notification.storyboard; sourceTree = "<group>"; };
		ED36445F1C9D6DBA00C6676C /* Submit.storyboard */ = {isa = PBXFileReference; fileEncoding = 4; lastKnownFileType = file.storyboard; path = Submit.storyboard; sourceTree = "<group>"; };
		ED3707921D36427E00F892B0 /* ColorManager.swift */ = {isa = PBXFileReference; fileEncoding = 4; lastKnownFileType = sourcecode.swift; path = ColorManager.swift; sourceTree = "<group>"; };
		ED390BC71D3E6A120053FABF /* PINCache.framework */ = {isa = PBXFileReference; lastKnownFileType = wrapper.framework; name = PINCache.framework; path = Carthage/Build/iOS/PINCache.framework; sourceTree = "<group>"; };
		ED402DCB1D34460C0098F843 /* images.xcassets */ = {isa = PBXFileReference; lastKnownFileType = folder.assetcatalog; path = images.xcassets; sourceTree = "<group>"; };
		ED4512AF1CEF33CB0071FA58 /* Title.storyboard */ = {isa = PBXFileReference; fileEncoding = 4; lastKnownFileType = file.storyboard; path = Title.storyboard; sourceTree = "<group>"; };
		ED5274EA1D23CD2D0088481F /* LogPostedProgressBar.swift */ = {isa = PBXFileReference; fileEncoding = 4; lastKnownFileType = sourcecode.swift; path = LogPostedProgressBar.swift; sourceTree = "<group>"; };
		ED53BAFC1D35176F0089A03A /* GoodOrBadKeyboard.xib */ = {isa = PBXFileReference; fileEncoding = 4; lastKnownFileType = file.xib; path = GoodOrBadKeyboard.xib; sourceTree = "<group>"; };
		ED652C4B1D29C2B60004BE9F /* MainTabViewController.swift */ = {isa = PBXFileReference; fileEncoding = 4; lastKnownFileType = sourcecode.swift; path = MainTabViewController.swift; sourceTree = "<group>"; };
		ED652C4D1D29C2C70004BE9F /* SubmitDummyViewController.swift */ = {isa = PBXFileReference; fileEncoding = 4; lastKnownFileType = sourcecode.swift; path = SubmitDummyViewController.swift; sourceTree = "<group>"; };
		ED6AF8C91D16B535003FBC5C /* DropdownMenu.framework */ = {isa = PBXFileReference; lastKnownFileType = wrapper.framework; name = DropdownMenu.framework; path = Carthage/Build/iOS/DropdownMenu.framework; sourceTree = "<group>"; };
		ED6AF8CC1D16B577003FBC5C /* SVProgressHUD.framework */ = {isa = PBXFileReference; lastKnownFileType = wrapper.framework; name = SVProgressHUD.framework; path = Carthage/Build/iOS/SVProgressHUD.framework; sourceTree = "<group>"; };
		ED6ED06C1D387ACD005B0053 /* GCDManager.swift */ = {isa = PBXFileReference; fileEncoding = 4; lastKnownFileType = sourcecode.swift; path = GCDManager.swift; sourceTree = "<group>"; };
		ED720CD01D180B2400477608 /* CalendarLogCollerManager.swift */ = {isa = PBXFileReference; fileEncoding = 4; lastKnownFileType = sourcecode.swift; path = CalendarLogCollerManager.swift; sourceTree = "<group>"; };
		ED720CD21D188D6500477608 /* LogNavigationController.swift */ = {isa = PBXFileReference; fileEncoding = 4; lastKnownFileType = sourcecode.swift; path = LogNavigationController.swift; sourceTree = "<group>"; };
		ED720CD41D18A8CA00477608 /* LogQueryManager.swift */ = {isa = PBXFileReference; fileEncoding = 4; lastKnownFileType = sourcecode.swift; path = LogQueryManager.swift; sourceTree = "<group>"; };
		ED779B091C8DCB9100C3027C /* SwiftDate.framework */ = {isa = PBXFileReference; lastKnownFileType = wrapper.framework; name = SwiftDate.framework; path = Carthage/Build/iOS/SwiftDate.framework; sourceTree = "<group>"; };
		ED7A79041D2027220087BCCD /* DZNEmptyDataSet.framework */ = {isa = PBXFileReference; lastKnownFileType = wrapper.framework; name = DZNEmptyDataSet.framework; path = Carthage/Build/iOS/DZNEmptyDataSet.framework; sourceTree = "<group>"; };
		ED8322D31C8EFDF700122BA2 /* SignUpViewController.swift */ = {isa = PBXFileReference; fileEncoding = 4; lastKnownFileType = sourcecode.swift; path = SignUpViewController.swift; sourceTree = "<group>"; };
		EDA4DC6D1C82F0FB005FE126 /* CalendarSwiftDateView.swift */ = {isa = PBXFileReference; fileEncoding = 4; lastKnownFileType = sourcecode.swift; path = CalendarSwiftDateView.swift; sourceTree = "<group>"; };
		EDA4DC6F1C82F163005FE126 /* CalendarWeekView.swift */ = {isa = PBXFileReference; fileEncoding = 4; lastKnownFileType = sourcecode.swift; path = CalendarWeekView.swift; sourceTree = "<group>"; };
		EDA4DC711C82F190005FE126 /* CalendarAnotherView.swift */ = {isa = PBXFileReference; fileEncoding = 4; lastKnownFileType = sourcecode.swift; path = CalendarAnotherView.swift; sourceTree = "<group>"; };
		EDA866771CBC93050074A71D /* SetProfileViewController.swift */ = {isa = PBXFileReference; fileEncoding = 4; lastKnownFileType = sourcecode.swift; path = SetProfileViewController.swift; sourceTree = "<group>"; };
		EDA94FD21CEEC48700A42E8A /* UIExtension.swift */ = {isa = PBXFileReference; fileEncoding = 4; lastKnownFileType = sourcecode.swift; path = UIExtension.swift; sourceTree = "<group>"; };
		EDB04C741CC5190500FDEB14 /* UserData.swift */ = {isa = PBXFileReference; fileEncoding = 4; lastKnownFileType = sourcecode.swift; path = UserData.swift; sourceTree = "<group>"; };
		EDB04C761CC67C8A00FDEB14 /* TopViewController.swift */ = {isa = PBXFileReference; fileEncoding = 4; lastKnownFileType = sourcecode.swift; path = TopViewController.swift; sourceTree = "<group>"; };
		EDB4AF571CE37AE2002781F3 /* ContainerSnsViewController.swift */ = {isa = PBXFileReference; fileEncoding = 4; lastKnownFileType = sourcecode.swift; path = ContainerSnsViewController.swift; sourceTree = "<group>"; };
		EDB4FEFD1CBBFAFE00A318EA /* EditProfileTableViewController.swift */ = {isa = PBXFileReference; fileEncoding = 4; lastKnownFileType = sourcecode.swift; path = EditProfileTableViewController.swift; sourceTree = "<group>"; };
		EDBADE2D1D2483FB0048957A /* AccountViewController.swift */ = {isa = PBXFileReference; fileEncoding = 4; lastKnownFileType = sourcecode.swift; path = AccountViewController.swift; sourceTree = "<group>"; };
		EDBADE2F1D2489490048957A /* ProfileCell.swift */ = {isa = PBXFileReference; fileEncoding = 4; lastKnownFileType = sourcecode.swift; path = ProfileCell.swift; sourceTree = "<group>"; };
		EDBADE311D2489690048957A /* ThreeCircleCell.swift */ = {isa = PBXFileReference; fileEncoding = 4; lastKnownFileType = sourcecode.swift; path = ThreeCircleCell.swift; sourceTree = "<group>"; };
		EDCBEE711CCA793700317BCE /* PostDetail.storyboard */ = {isa = PBXFileReference; fileEncoding = 4; lastKnownFileType = file.storyboard; path = PostDetail.storyboard; sourceTree = "<group>"; };
		EDE355F11CB284CD006C7C0A /* CommentFile.swift */ = {isa = PBXFileReference; fileEncoding = 4; lastKnownFileType = sourcecode.swift; path = CommentFile.swift; sourceTree = "<group>"; };
		EDEF991D1C9EC13500B6D69D /* ContainerProfileViewController.swift */ = {isa = PBXFileReference; fileEncoding = 4; lastKnownFileType = sourcecode.swift; path = ContainerProfileViewController.swift; sourceTree = "<group>"; };
/* End PBXFileReference section */

/* Begin PBXFrameworksBuildPhase section */
		32C0A3371C5DF8ED009657B9 /* Frameworks */ = {
			isa = PBXFrameworksBuildPhase;
			buildActionMask = 2147483647;
			files = (
				ED779B0A1C8DCB9100C3027C /* SwiftDate.framework in Frameworks */,
				E0B7E0BA07F94C20BB5A1280 /* libPods-masterch.a in Frameworks */,
				ED6AF8CD1D16B577003FBC5C /* SVProgressHUD.framework in Frameworks */,
				ED7A79051D2027220087BCCD /* DZNEmptyDataSet.framework in Frameworks */,
				ED6AF8CA1D16B535003FBC5C /* DropdownMenu.framework in Frameworks */,
				ED390BC81D3E6A120053FABF /* PINCache.framework in Frameworks */,
			);
			runOnlyForDeploymentPostprocessing = 0;
		};
		32C0A34B1C5DF8EE009657B9 /* Frameworks */ = {
			isa = PBXFrameworksBuildPhase;
			buildActionMask = 2147483647;
			files = (
			);
			runOnlyForDeploymentPostprocessing = 0;
		};
		32C0A3561C5DF8EE009657B9 /* Frameworks */ = {
			isa = PBXFrameworksBuildPhase;
			buildActionMask = 2147483647;
			files = (
			);
			runOnlyForDeploymentPostprocessing = 0;
		};
/* End PBXFrameworksBuildPhase section */

/* Begin PBXGroup section */
		32C0A3311C5DF8ED009657B9 = {
			isa = PBXGroup;
			children = (
				32C0A33C1C5DF8ED009657B9 /* masterch */,
				32C0A3511C5DF8EE009657B9 /* masterchTests */,
				32C0A35C1C5DF8EE009657B9 /* masterchUITests */,
				32C0A33B1C5DF8ED009657B9 /* Products */,
				B831727C3E3CF2E5ED6388D9 /* Frameworks */,
				4CC37C4A035C0187CA34D9A7 /* Pods */,
			);
			sourceTree = "<group>";
		};
		32C0A33B1C5DF8ED009657B9 /* Products */ = {
			isa = PBXGroup;
			children = (
				32C0A33A1C5DF8ED009657B9 /* masterch.app */,
				32C0A34E1C5DF8EE009657B9 /* masterchTests.xctest */,
				32C0A3591C5DF8EE009657B9 /* masterchUITests.xctest */,
			);
			name = Products;
			sourceTree = "<group>";
		};
		32C0A33C1C5DF8ED009657B9 /* masterch */ = {
			isa = PBXGroup;
			children = (
				ED3707951D36431300F892B0 /* Manager */,
				ED3707961D36437400F892B0 /* Tab */,
				ED3707941D3642EE00F892B0 /* Top */,
				ED5274E71D2282150088481F /* SignUp&In */,
				ED3644611C9D72F700C6676C /* TimeLine */,
				ED3644621C9D740000C6676C /* Account */,
				ED3644631C9D741500C6676C /* Log */,
				ED3644641C9D744100C6676C /* Notification */,
				ED3644651C9D748F00C6676C /* Search */,
				ED3644661C9D74CB00C6676C /* Submit */,
				ED23B79D1C7B475B009AEDA5 /* Calendar */,
				32C0A3461C5DF8ED009657B9 /* LaunchScreen.storyboard */,
				3289D2791C6BA1B300B4C65A /* masterch-Bridging-Header.h */,
				32C0A3491C5DF8ED009657B9 /* Info.plist */,
				ED402DCB1D34460C0098F843 /* images.xcassets */,
				ED7DB14D1C9365250028C986 /* Images */,
			);
			path = masterch;
			sourceTree = "<group>";
		};
		32C0A3511C5DF8EE009657B9 /* masterchTests */ = {
			isa = PBXGroup;
			children = (
				32C0A3521C5DF8EE009657B9 /* masterchTests.swift */,
				32C0A3541C5DF8EE009657B9 /* Info.plist */,
			);
			path = masterchTests;
			sourceTree = "<group>";
		};
		32C0A35C1C5DF8EE009657B9 /* masterchUITests */ = {
			isa = PBXGroup;
			children = (
				32C0A35D1C5DF8EE009657B9 /* masterchUITests.swift */,
				32C0A35F1C5DF8EE009657B9 /* Info.plist */,
			);
			path = masterchUITests;
			sourceTree = "<group>";
		};
		4CC37C4A035C0187CA34D9A7 /* Pods */ = {
			isa = PBXGroup;
			children = (
				DDDA2AF98486C953A99F98DB /* Pods-masterch.debug.xcconfig */,
				3CC6FA301452F9BE8446E0CB /* Pods-masterch.release.xcconfig */,
			);
			name = Pods;
			sourceTree = "<group>";
		};
		B831727C3E3CF2E5ED6388D9 /* Frameworks */ = {
			isa = PBXGroup;
			children = (
				ED390BC71D3E6A120053FABF /* PINCache.framework */,
				ED7A79041D2027220087BCCD /* DZNEmptyDataSet.framework */,
				ED6AF8C91D16B535003FBC5C /* DropdownMenu.framework */,
				ED6AF8CC1D16B577003FBC5C /* SVProgressHUD.framework */,
				ED779B091C8DCB9100C3027C /* SwiftDate.framework */,
				2256E15F2038E12B35758EC6 /* libPods-masterch.a */,
			);
			name = Frameworks;
			sourceTree = "<group>";
		};
		ED23B79D1C7B475B009AEDA5 /* Calendar */ = {
			isa = PBXGroup;
			children = (
				ED23B79F1C7B475B009AEDA5 /* CalendarManager.swift */,
				ED23B7A11C7B475B009AEDA5 /* CalendarView.swift */,
				EDA4DC711C82F190005FE126 /* CalendarAnotherView.swift */,
				EDA4DC6D1C82F0FB005FE126 /* CalendarSwiftDateView.swift */,
				ED720CD01D180B2400477608 /* CalendarLogCollerManager.swift */,
				EDA4DC6F1C82F163005FE126 /* CalendarWeekView.swift */,
				ED23B7A01C7B475B009AEDA5 /* CalendarMonthView.swift */,
			);
			path = Calendar;
			sourceTree = "<group>";
		};
		ED3644611C9D72F700C6676C /* TimeLine */ = {
			isa = PBXGroup;
			children = (
				ED2152451D1188390027AFC4 /* UserListTableViewCell.swift */,
				ED2152471D11883A0027AFC4 /* UserListViewController.swift */,
				32E6CF741C76DD4F00904B74 /* PostDetailViewController.swift */,
				ED3107EE1D101A7E00FE3D32 /* PostDetailTableViewCell.swift */,
				ED3107EA1D101A2100FE3D32 /* CommentTableViewCell.swift */,
				3289D2351C6A1C5300B4C65A /* TimeLineViewController.swift */,
				3219A2351C70468900D1A6AF /* TimelineCell.swift */,
				ED2152461D11883A0027AFC4 /* UserListTableViewCell.xib */,
				ED2152441D1188390027AFC4 /* UserList.storyboard */,
				ED3107F01D101B0B00FE3D32 /* PostDetailTableViewCell.xib */,
				ED3107EC1D101A4500FE3D32 /* CommentTableViewCell.xib */,
				EDCBEE711CCA793700317BCE /* PostDetail.storyboard */,
				ED3644551C9D657600C6676C /* TimeLine.storyboard */,
				3219A2361C70468900D1A6AF /* CustomTableViewCell.xib */,
			);
			name = TimeLine;
			sourceTree = "<group>";
		};
		ED3644621C9D740000C6676C /* Account */ = {
			isa = PBXGroup;
			children = (
				ED36445B1C9D65AA00C6676C /* Account.storyboard */,
				EDB4FEFD1CBBFAFE00A318EA /* EditProfileTableViewController.swift */,
				EDBADE2D1D2483FB0048957A /* AccountViewController.swift */,
				EDBADE2F1D2489490048957A /* ProfileCell.swift */,
				EDBADE311D2489690048957A /* ThreeCircleCell.swift */,
				EDEF991D1C9EC13500B6D69D /* ContainerProfileViewController.swift */,
				EDB4AF571CE37AE2002781F3 /* ContainerSnsViewController.swift */,
			);
			name = Account;
			sourceTree = "<group>";
		};
		ED3644631C9D741500C6676C /* Log */ = {
			isa = PBXGroup;
			children = (
				ED3644591C9D659A00C6676C /* Log.storyboard */,
				ED720CD41D18A8CA00477608 /* LogQueryManager.swift */,
				ED5274EA1D23CD2D0088481F /* LogPostedProgressBar.swift */,
				3289D2371C6A1C6000B4C65A /* LogViewController.swift */,
				ED720CD21D188D6500477608 /* LogNavigationController.swift */,
			);
			name = Log;
			sourceTree = "<group>";
		};
		ED3644641C9D744100C6676C /* Notification */ = {
			isa = PBXGroup;
			children = (
				ED3108001D10322600FE3D32 /* NotificationCommentTableViewCell.swift */,
				ED3108011D10322600FE3D32 /* NotificationFollowTableViewCell.swift */,
				ED3108021D10322600FE3D32 /* NotificationLikeTableViewCell.swift */,
				ED3107F81D102A9800FE3D32 /* NotificationTableViewController.swift */,
				ED21521E1D11565C0027AFC4 /* NotificationManager.swift */,
				ED36445D1C9D65C000C6676C /* Notification.storyboard */,
			);
			name = Notification;
			path = ..;
			sourceTree = "<group>";
		};
		ED3644651C9D748F00C6676C /* Search */ = {
			isa = PBXGroup;
			children = (
				3289D23B1C6A1C8000B4C65A /* SearchViewController.swift */,
				ED3644571C9D658A00C6676C /* Search.storyboard */,
				ED21524C1D1188E80027AFC4 /* OtherAccount.storyboard */,
				ED3107F61D101D5A00FE3D32 /* OtherAccountViewController.swift */,
				ED3107F41D101D4F00FE3D32 /* SearchUserTableViewController.swift */,
				ED3107F21D101D3700FE3D32 /* SearchUserTableViewCell.swift */,
			);
			name = Search;
			path = ..;
			sourceTree = "<group>";
		};
		ED3644661C9D74CB00C6676C /* Submit */ = {
			isa = PBXGroup;
			children = (
				3289D2331C6A1C3000B4C65A /* SubmitViewController.swift */,
				ED3282EC1CDEE52A009602C9 /* ColorKeyboard.xib */,
				ED53BAFC1D35176F0089A03A /* GoodOrBadKeyboard.xib */,
				ED36445F1C9D6DBA00C6676C /* Submit.storyboard */,
			);
			name = Submit;
			sourceTree = "<group>";
		};
		ED3707941D3642EE00F892B0 /* Top */ = {
			isa = PBXGroup;
			children = (
				32C0A33D1C5DF8ED009657B9 /* AppDelegate.swift */,
				ED4512AF1CEF33CB0071FA58 /* Title.storyboard */,
				EDB04C761CC67C8A00FDEB14 /* TopViewController.swift */,
			);
			name = Top;
			sourceTree = "<group>";
		};
		ED3707951D36431300F892B0 /* Manager */ = {
			isa = PBXGroup;
			children = (
				32C0A33F1C5DF8ED009657B9 /* ViewController.swift */,
				ED6ED06C1D387ACD005B0053 /* GCDManager.swift */,
				EDE355F11CB284CD006C7C0A /* CommentFile.swift */,
				EDB04C741CC5190500FDEB14 /* UserData.swift */,
				EDA94FD21CEEC48700A42E8A /* UIExtension.swift */,
				ED3707921D36427E00F892B0 /* ColorManager.swift */,
			);
			name = Manager;
			sourceTree = "<group>";
		};
		ED3707961D36437400F892B0 /* Tab */ = {
			isa = PBXGroup;
			children = (
				ED652C4B1D29C2B60004BE9F /* MainTabViewController.swift */,
				ED652C4D1D29C2C70004BE9F /* SubmitDummyViewController.swift */,
			);
			name = Tab;
			sourceTree = "<group>";
		};
		ED5274E71D2282150088481F /* SignUp&In */ = {
			isa = PBXGroup;
			children = (
				32C0A3411C5DF8ED009657B9 /* Main.storyboard */,
				EDA866771CBC93050074A71D /* SetProfileViewController.swift */,
				ED8322D31C8EFDF700122BA2 /* SignUpViewController.swift */,
				32A088A71CED9EEE00BECCA5 /* SignInViewController.swift */,
			);
			name = "SignUp&In";
			sourceTree = "<group>";
		};
		ED7DB14D1C9365250028C986 /* Images */ = {
			isa = PBXGroup;
			children = (
			);
			path = Images;
			sourceTree = "<group>";
		};
/* End PBXGroup section */

/* Begin PBXNativeTarget section */
		32C0A3391C5DF8ED009657B9 /* masterch */ = {
			isa = PBXNativeTarget;
			buildConfigurationList = 32C0A3621C5DF8EE009657B9 /* Build configuration list for PBXNativeTarget "masterch" */;
			buildPhases = (
				50F719C96381B430B7401FB8 /* [CP] Check Pods Manifest.lock */,
				32C0A3361C5DF8ED009657B9 /* Sources */,
				32C0A3371C5DF8ED009657B9 /* Frameworks */,
				32C0A3381C5DF8ED009657B9 /* Resources */,
				ED779B0B1C8ED0D300C3027C /* CopyFiles */,
				ED8FE1CB1C8FE62200CFD685 /* ShellScript */,
				B8A26049C56D2BF01088C609 /* [CP] Embed Pods Frameworks */,
				C0A1DA4F142BF0175A1A60DB /* [CP] Copy Pods Resources */,
			);
			buildRules = (
			);
			dependencies = (
			);
			name = masterch;
			productName = masterch;
			productReference = 32C0A33A1C5DF8ED009657B9 /* masterch.app */;
			productType = "com.apple.product-type.application";
		};
		32C0A34D1C5DF8EE009657B9 /* masterchTests */ = {
			isa = PBXNativeTarget;
			buildConfigurationList = 32C0A3651C5DF8EE009657B9 /* Build configuration list for PBXNativeTarget "masterchTests" */;
			buildPhases = (
				32C0A34A1C5DF8EE009657B9 /* Sources */,
				32C0A34B1C5DF8EE009657B9 /* Frameworks */,
				32C0A34C1C5DF8EE009657B9 /* Resources */,
			);
			buildRules = (
			);
			dependencies = (
				32C0A3501C5DF8EE009657B9 /* PBXTargetDependency */,
			);
			name = masterchTests;
			productName = masterchTests;
			productReference = 32C0A34E1C5DF8EE009657B9 /* masterchTests.xctest */;
			productType = "com.apple.product-type.bundle.unit-test";
		};
		32C0A3581C5DF8EE009657B9 /* masterchUITests */ = {
			isa = PBXNativeTarget;
			buildConfigurationList = 32C0A3681C5DF8EE009657B9 /* Build configuration list for PBXNativeTarget "masterchUITests" */;
			buildPhases = (
				32C0A3551C5DF8EE009657B9 /* Sources */,
				32C0A3561C5DF8EE009657B9 /* Frameworks */,
				32C0A3571C5DF8EE009657B9 /* Resources */,
			);
			buildRules = (
			);
			dependencies = (
				32C0A35B1C5DF8EE009657B9 /* PBXTargetDependency */,
			);
			name = masterchUITests;
			productName = masterchUITests;
			productReference = 32C0A3591C5DF8EE009657B9 /* masterchUITests.xctest */;
			productType = "com.apple.product-type.bundle.ui-testing";
		};
/* End PBXNativeTarget section */

/* Begin PBXProject section */
		32C0A3321C5DF8ED009657B9 /* Project object */ = {
			isa = PBXProject;
			attributes = {
				LastSwiftUpdateCheck = 0720;
				LastUpgradeCheck = 0720;
				ORGANIZATIONNAME = "Fumiya Yamanaka";
				TargetAttributes = {
					32C0A3391C5DF8ED009657B9 = {
						CreatedOnToolsVersion = 7.2;
						DevelopmentTeam = LZVK55AH8Y;
					};
					32C0A34D1C5DF8EE009657B9 = {
						CreatedOnToolsVersion = 7.2;
						TestTargetID = 32C0A3391C5DF8ED009657B9;
					};
					32C0A3581C5DF8EE009657B9 = {
						CreatedOnToolsVersion = 7.2;
						TestTargetID = 32C0A3391C5DF8ED009657B9;
					};
				};
			};
			buildConfigurationList = 32C0A3351C5DF8ED009657B9 /* Build configuration list for PBXProject "masterch" */;
			compatibilityVersion = "Xcode 3.2";
			developmentRegion = English;
			hasScannedForEncodings = 0;
			knownRegions = (
				en,
				Base,
			);
			mainGroup = 32C0A3311C5DF8ED009657B9;
			productRefGroup = 32C0A33B1C5DF8ED009657B9 /* Products */;
			projectDirPath = "";
			projectRoot = "";
			targets = (
				32C0A3391C5DF8ED009657B9 /* masterch */,
				32C0A34D1C5DF8EE009657B9 /* masterchTests */,
				32C0A3581C5DF8EE009657B9 /* masterchUITests */,
			);
		};
/* End PBXProject section */

/* Begin PBXResourcesBuildPhase section */
		32C0A3381C5DF8ED009657B9 /* Resources */ = {
			isa = PBXResourcesBuildPhase;
			buildActionMask = 2147483647;
			files = (
				32C0A3481C5DF8ED009657B9 /* LaunchScreen.storyboard in Resources */,
				ED3282ED1CDEE52A009602C9 /* ColorKeyboard.xib in Resources */,
				ED3644561C9D657600C6676C /* TimeLine.storyboard in Resources */,
				ED2152481D11883A0027AFC4 /* UserList.storyboard in Resources */,
				ED3644601C9D6DBA00C6676C /* Submit.storyboard in Resources */,
				3219A2381C70468900D1A6AF /* CustomTableViewCell.xib in Resources */,
				ED402DCC1D34460C0098F843 /* images.xcassets in Resources */,
				ED3644581C9D658A00C6676C /* Search.storyboard in Resources */,
				EDCBEE721CCA793700317BCE /* PostDetail.storyboard in Resources */,
				ED3107F11D101B0B00FE3D32 /* PostDetailTableViewCell.xib in Resources */,
				32C0A3431C5DF8ED009657B9 /* Main.storyboard in Resources */,
				ED3107ED1D101A4500FE3D32 /* CommentTableViewCell.xib in Resources */,
				ED21524A1D11883A0027AFC4 /* UserListTableViewCell.xib in Resources */,
				ED53BAFD1D35176F0089A03A /* GoodOrBadKeyboard.xib in Resources */,
				ED4512B01CEF33CB0071FA58 /* Title.storyboard in Resources */,
				ED21524D1D1188E80027AFC4 /* OtherAccount.storyboard in Resources */,
				ED36445C1C9D65AA00C6676C /* Account.storyboard in Resources */,
				ED36445A1C9D659A00C6676C /* Log.storyboard in Resources */,
				ED36445E1C9D65C000C6676C /* Notification.storyboard in Resources */,
			);
			runOnlyForDeploymentPostprocessing = 0;
		};
		32C0A34C1C5DF8EE009657B9 /* Resources */ = {
			isa = PBXResourcesBuildPhase;
			buildActionMask = 2147483647;
			files = (
			);
			runOnlyForDeploymentPostprocessing = 0;
		};
		32C0A3571C5DF8EE009657B9 /* Resources */ = {
			isa = PBXResourcesBuildPhase;
			buildActionMask = 2147483647;
			files = (
			);
			runOnlyForDeploymentPostprocessing = 0;
		};
/* End PBXResourcesBuildPhase section */

/* Begin PBXShellScriptBuildPhase section */
		50F719C96381B430B7401FB8 /* [CP] Check Pods Manifest.lock */ = {
			isa = PBXShellScriptBuildPhase;
			buildActionMask = 2147483647;
			files = (
			);
			inputPaths = (
			);
			name = "[CP] Check Pods Manifest.lock";
			outputPaths = (
			);
			runOnlyForDeploymentPostprocessing = 0;
			shellPath = /bin/sh;
			shellScript = "diff \"${PODS_ROOT}/../Podfile.lock\" \"${PODS_ROOT}/Manifest.lock\" > /dev/null\nif [[ $? != 0 ]] ; then\n    cat << EOM\nerror: The sandbox is not in sync with the Podfile.lock. Run 'pod install' or update your CocoaPods installation.\nEOM\n    exit 1\nfi\n";
			showEnvVarsInLog = 0;
		};
		B8A26049C56D2BF01088C609 /* [CP] Embed Pods Frameworks */ = {
			isa = PBXShellScriptBuildPhase;
			buildActionMask = 2147483647;
			files = (
			);
			inputPaths = (
			);
			name = "[CP] Embed Pods Frameworks";
			outputPaths = (
			);
			runOnlyForDeploymentPostprocessing = 0;
			shellPath = /bin/sh;
			shellScript = "\"${SRCROOT}/Pods/Target Support Files/Pods-masterch/Pods-masterch-frameworks.sh\"\n";
			showEnvVarsInLog = 0;
		};
		C0A1DA4F142BF0175A1A60DB /* [CP] Copy Pods Resources */ = {
			isa = PBXShellScriptBuildPhase;
			buildActionMask = 2147483647;
			files = (
			);
			inputPaths = (
			);
			name = "[CP] Copy Pods Resources";
			outputPaths = (
			);
			runOnlyForDeploymentPostprocessing = 0;
			shellPath = /bin/sh;
			shellScript = "\"${SRCROOT}/Pods/Target Support Files/Pods-masterch/Pods-masterch-resources.sh\"\n";
			showEnvVarsInLog = 0;
		};
		ED8FE1CB1C8FE62200CFD685 /* ShellScript */ = {
			isa = PBXShellScriptBuildPhase;
			buildActionMask = 2147483647;
			files = (
			);
			inputPaths = (
				"",
			);
			outputPaths = (
			);
			runOnlyForDeploymentPostprocessing = 0;
			shellPath = /bin/sh;
			shellScript = "\"${PODS_ROOT}/Fabric/run\" ec62d35d0015bc60b374384a4991ee3316538e74 aa24872d7a2760b27c0cdd2434421b127640c6c7490b706db95f3d8178ef4cdf";
		};
/* End PBXShellScriptBuildPhase section */

/* Begin PBXSourcesBuildPhase section */
		32C0A3361C5DF8ED009657B9 /* Sources */ = {
			isa = PBXSourcesBuildPhase;
			buildActionMask = 2147483647;
			files = (
				EDA4DC721C82F190005FE126 /* CalendarAnotherView.swift in Sources */,
				ED720CD11D180B2400477608 /* CalendarLogCollerManager.swift in Sources */,
				EDBADE301D2489490048957A /* ProfileCell.swift in Sources */,
				EDBADE2E1D2483FB0048957A /* AccountViewController.swift in Sources */,
				ED5274EB1D23CD2D0088481F /* LogPostedProgressBar.swift in Sources */,
				3219A2371C70468900D1A6AF /* TimelineCell.swift in Sources */,
				ED720CD51D18A8CA00477608 /* LogQueryManager.swift in Sources */,
				ED652C4C1D29C2B60004BE9F /* MainTabViewController.swift in Sources */,
				EDA4DC6E1C82F0FB005FE126 /* CalendarSwiftDateView.swift in Sources */,
				EDA4DC701C82F163005FE126 /* CalendarWeekView.swift in Sources */,
				ED720CD31D188D6500477608 /* LogNavigationController.swift in Sources */,
				ED652C4E1D29C2C70004BE9F /* SubmitDummyViewController.swift in Sources */,
				EDB4AF581CE37AE2002781F3 /* ContainerSnsViewController.swift in Sources */,
				EDB04C771CC67C8A00FDEB14 /* TopViewController.swift in Sources */,
				32C0A3401C5DF8ED009657B9 /* ViewController.swift in Sources */,
				ED3107EB1D101A2100FE3D32 /* CommentTableViewCell.swift in Sources */,
				EDBADE321D2489690048957A /* ThreeCircleCell.swift in Sources */,
				32A088A81CED9EEE00BECCA5 /* SignInViewController.swift in Sources */,
				ED8322D41C8EFDF700122BA2 /* SignUpViewController.swift in Sources */,
				3289D23C1C6A1C8000B4C65A /* SearchViewController.swift in Sources */,
				ED3108041D10322600FE3D32 /* NotificationFollowTableViewCell.swift in Sources */,
				EDE355F21CB284CD006C7C0A /* CommentFile.swift in Sources */,
				EDB4FEFE1CBBFAFE00A318EA /* EditProfileTableViewController.swift in Sources */,
				EDA94FD31CEEC48700A42E8A /* UIExtension.swift in Sources */,
				ED3107F71D101D5A00FE3D32 /* OtherAccountViewController.swift in Sources */,
				ED3107F31D101D3700FE3D32 /* SearchUserTableViewCell.swift in Sources */,
				ED3107EF1D101A7E00FE3D32 /* PostDetailTableViewCell.swift in Sources */,
				ED3107F91D102A9800FE3D32 /* NotificationTableViewController.swift in Sources */,
				3289D2381C6A1C6000B4C65A /* LogViewController.swift in Sources */,
				3289D2361C6A1C5300B4C65A /* TimeLineViewController.swift in Sources */,
				3289D2341C6A1C3000B4C65A /* SubmitViewController.swift in Sources */,
				ED23B7A51C7B475B009AEDA5 /* CalendarView.swift in Sources */,
				32E6CF751C76DD4F00904B74 /* PostDetailViewController.swift in Sources */,
				ED23B7A31C7B475B009AEDA5 /* CalendarManager.swift in Sources */,
				32C0A33E1C5DF8ED009657B9 /* AppDelegate.swift in Sources */,
				ED21524B1D11883A0027AFC4 /* UserListViewController.swift in Sources */,
				ED3108051D10322600FE3D32 /* NotificationLikeTableViewCell.swift in Sources */,
				ED3707931D36427E00F892B0 /* ColorManager.swift in Sources */,
				ED2152491D11883A0027AFC4 /* UserListTableViewCell.swift in Sources */,
				ED3108031D10322600FE3D32 /* NotificationCommentTableViewCell.swift in Sources */,
				EDB04C751CC5190500FDEB14 /* UserData.swift in Sources */,
				EDEF991E1C9EC13500B6D69D /* ContainerProfileViewController.swift in Sources */,
				ED3107F51D101D4F00FE3D32 /* SearchUserTableViewController.swift in Sources */,
				ED21521F1D11565C0027AFC4 /* NotificationManager.swift in Sources */,
				EDA866781CBC93050074A71D /* SetProfileViewController.swift in Sources */,
				ED23B7A41C7B475B009AEDA5 /* CalendarMonthView.swift in Sources */,
				ED6ED06D1D387ACD005B0053 /* GCDManager.swift in Sources */,
			);
			runOnlyForDeploymentPostprocessing = 0;
		};
		32C0A34A1C5DF8EE009657B9 /* Sources */ = {
			isa = PBXSourcesBuildPhase;
			buildActionMask = 2147483647;
			files = (
				32C0A3531C5DF8EE009657B9 /* masterchTests.swift in Sources */,
			);
			runOnlyForDeploymentPostprocessing = 0;
		};
		32C0A3551C5DF8EE009657B9 /* Sources */ = {
			isa = PBXSourcesBuildPhase;
			buildActionMask = 2147483647;
			files = (
				32C0A35E1C5DF8EE009657B9 /* masterchUITests.swift in Sources */,
			);
			runOnlyForDeploymentPostprocessing = 0;
		};
/* End PBXSourcesBuildPhase section */

/* Begin PBXTargetDependency section */
		32C0A3501C5DF8EE009657B9 /* PBXTargetDependency */ = {
			isa = PBXTargetDependency;
			target = 32C0A3391C5DF8ED009657B9 /* masterch */;
			targetProxy = 32C0A34F1C5DF8EE009657B9 /* PBXContainerItemProxy */;
		};
		32C0A35B1C5DF8EE009657B9 /* PBXTargetDependency */ = {
			isa = PBXTargetDependency;
			target = 32C0A3391C5DF8ED009657B9 /* masterch */;
			targetProxy = 32C0A35A1C5DF8EE009657B9 /* PBXContainerItemProxy */;
		};
/* End PBXTargetDependency section */

/* Begin PBXVariantGroup section */
		32C0A3411C5DF8ED009657B9 /* Main.storyboard */ = {
			isa = PBXVariantGroup;
			children = (
				32C0A3421C5DF8ED009657B9 /* Base */,
				328BF13C1CED546B00B99CBF /* ja */,
			);
			name = Main.storyboard;
			sourceTree = "<group>";
		};
		32C0A3461C5DF8ED009657B9 /* LaunchScreen.storyboard */ = {
			isa = PBXVariantGroup;
			children = (
				32C0A3471C5DF8ED009657B9 /* Base */,
				328BF13D1CED546B00B99CBF /* ja */,
			);
			name = LaunchScreen.storyboard;
			sourceTree = "<group>";
		};
/* End PBXVariantGroup section */

/* Begin XCBuildConfiguration section */
		32C0A3601C5DF8EE009657B9 /* Debug */ = {
			isa = XCBuildConfiguration;
			buildSettings = {
				ALWAYS_SEARCH_USER_PATHS = NO;
				CLANG_CXX_LANGUAGE_STANDARD = "gnu++0x";
				CLANG_CXX_LIBRARY = "libc++";
				CLANG_ENABLE_MODULES = YES;
				CLANG_ENABLE_OBJC_ARC = YES;
				CLANG_WARN_BOOL_CONVERSION = YES;
				CLANG_WARN_CONSTANT_CONVERSION = YES;
				CLANG_WARN_DIRECT_OBJC_ISA_USAGE = YES_ERROR;
				CLANG_WARN_EMPTY_BODY = YES;
				CLANG_WARN_ENUM_CONVERSION = YES;
				CLANG_WARN_INT_CONVERSION = YES;
				CLANG_WARN_OBJC_ROOT_CLASS = YES_ERROR;
				CLANG_WARN_UNREACHABLE_CODE = YES;
				CLANG_WARN__DUPLICATE_METHOD_MATCH = YES;
				"CODE_SIGN_IDENTITY[sdk=iphoneos*]" = "iPhone Developer";
				COPY_PHASE_STRIP = NO;
				DEBUG_INFORMATION_FORMAT = dwarf;
				ENABLE_STRICT_OBJC_MSGSEND = YES;
				ENABLE_TESTABILITY = YES;
				GCC_C_LANGUAGE_STANDARD = gnu99;
				GCC_DYNAMIC_NO_PIC = NO;
				GCC_NO_COMMON_BLOCKS = YES;
				GCC_OPTIMIZATION_LEVEL = 0;
				GCC_PREPROCESSOR_DEFINITIONS = (
					"DEBUG=1",
					"$(inherited)",
				);
				GCC_WARN_64_TO_32_BIT_CONVERSION = YES;
				GCC_WARN_ABOUT_RETURN_TYPE = YES_ERROR;
				GCC_WARN_UNDECLARED_SELECTOR = YES;
				GCC_WARN_UNINITIALIZED_AUTOS = YES_AGGRESSIVE;
				GCC_WARN_UNUSED_FUNCTION = YES;
				GCC_WARN_UNUSED_VARIABLE = YES;
				IPHONEOS_DEPLOYMENT_TARGET = 9.2;
				MTL_ENABLE_DEBUG_INFO = YES;
				ONLY_ACTIVE_ARCH = YES;
				SDKROOT = iphoneos;
				SWIFT_OPTIMIZATION_LEVEL = "-Onone";
			};
			name = Debug;
		};
		32C0A3611C5DF8EE009657B9 /* Release */ = {
			isa = XCBuildConfiguration;
			buildSettings = {
				ALWAYS_SEARCH_USER_PATHS = NO;
				CLANG_CXX_LANGUAGE_STANDARD = "gnu++0x";
				CLANG_CXX_LIBRARY = "libc++";
				CLANG_ENABLE_MODULES = YES;
				CLANG_ENABLE_OBJC_ARC = YES;
				CLANG_WARN_BOOL_CONVERSION = YES;
				CLANG_WARN_CONSTANT_CONVERSION = YES;
				CLANG_WARN_DIRECT_OBJC_ISA_USAGE = YES_ERROR;
				CLANG_WARN_EMPTY_BODY = YES;
				CLANG_WARN_ENUM_CONVERSION = YES;
				CLANG_WARN_INT_CONVERSION = YES;
				CLANG_WARN_OBJC_ROOT_CLASS = YES_ERROR;
				CLANG_WARN_UNREACHABLE_CODE = YES;
				CLANG_WARN__DUPLICATE_METHOD_MATCH = YES;
				"CODE_SIGN_IDENTITY[sdk=iphoneos*]" = "iPhone Developer";
				COPY_PHASE_STRIP = NO;
				DEBUG_INFORMATION_FORMAT = "dwarf-with-dsym";
				ENABLE_NS_ASSERTIONS = NO;
				ENABLE_STRICT_OBJC_MSGSEND = YES;
				GCC_C_LANGUAGE_STANDARD = gnu99;
				GCC_NO_COMMON_BLOCKS = YES;
				GCC_WARN_64_TO_32_BIT_CONVERSION = YES;
				GCC_WARN_ABOUT_RETURN_TYPE = YES_ERROR;
				GCC_WARN_UNDECLARED_SELECTOR = YES;
				GCC_WARN_UNINITIALIZED_AUTOS = YES_AGGRESSIVE;
				GCC_WARN_UNUSED_FUNCTION = YES;
				GCC_WARN_UNUSED_VARIABLE = YES;
				IPHONEOS_DEPLOYMENT_TARGET = 9.2;
				MTL_ENABLE_DEBUG_INFO = NO;
				SDKROOT = iphoneos;
				VALIDATE_PRODUCT = YES;
			};
			name = Release;
		};
		32C0A3631C5DF8EE009657B9 /* Debug */ = {
			isa = XCBuildConfiguration;
			baseConfigurationReference = DDDA2AF98486C953A99F98DB /* Pods-masterch.debug.xcconfig */;
			buildSettings = {
				ASSETCATALOG_COMPILER_APPICON_NAME = AppIcon;
				CLANG_ENABLE_MODULES = YES;
				CODE_SIGN_IDENTITY = "iPhone Developer";
				"CODE_SIGN_IDENTITY[sdk=iphoneos*]" = "iPhone Developer";
				FRAMEWORK_SEARCH_PATHS = (
					"$(inherited)",
					"$(PROJECT_DIR)/Carthage/Build/iOS",
				);
				INFOPLIST_FILE = masterch/Info.plist;
				IPHONEOS_DEPLOYMENT_TARGET = 9.2;
				LD_RUNPATH_SEARCH_PATHS = "$(inherited) @executable_path/Frameworks";
				PRODUCT_BUNDLE_IDENTIFIER = com.yamanakafumiya.masterch;
				PRODUCT_NAME = "$(TARGET_NAME)";
				PROVISIONING_PROFILE = "bfe89c00-5b89-4d72-9d45-1a8f0fa8269a";
				SWIFT_OBJC_BRIDGING_HEADER = "masterch/masterch-Bridging-Header.h";
				"SWIFT_OBJC_BRIDGING_HEADER[arch=*]" = "$(SRCROOT)/$(PROJECT)/masterch-Bridging-Header.h";
				SWIFT_OPTIMIZATION_LEVEL = "-Onone";
				TARGETED_DEVICE_FAMILY = 1;
			};
			name = Debug;
		};
		32C0A3641C5DF8EE009657B9 /* Release */ = {
			isa = XCBuildConfiguration;
			baseConfigurationReference = 3CC6FA301452F9BE8446E0CB /* Pods-masterch.release.xcconfig */;
			buildSettings = {
				ASSETCATALOG_COMPILER_APPICON_NAME = AppIcon;
				CLANG_ENABLE_MODULES = YES;
				CODE_SIGN_IDENTITY = "iPhone Developer";
				"CODE_SIGN_IDENTITY[sdk=iphoneos*]" = "iPhone Developer";
				FRAMEWORK_SEARCH_PATHS = (
					"$(inherited)",
					"$(PROJECT_DIR)/Carthage/Build/iOS",
				);
				INFOPLIST_FILE = masterch/Info.plist;
				IPHONEOS_DEPLOYMENT_TARGET = 9.2;
				LD_RUNPATH_SEARCH_PATHS = "$(inherited) @executable_path/Frameworks";
				PRODUCT_BUNDLE_IDENTIFIER = com.yamanakafumiya.masterch;
				PRODUCT_NAME = "$(TARGET_NAME)";
				PROVISIONING_PROFILE = "bfe89c00-5b89-4d72-9d45-1a8f0fa8269a";
				SWIFT_OBJC_BRIDGING_HEADER = "masterch/masterch-Bridging-Header.h";
				TARGETED_DEVICE_FAMILY = 1;
			};
			name = Release;
		};
		32C0A3661C5DF8EE009657B9 /* Debug */ = {
			isa = XCBuildConfiguration;
			buildSettings = {
				INFOPLIST_FILE = masterchTests/Info.plist;
				LD_RUNPATH_SEARCH_PATHS = "$(inherited) @executable_path/Frameworks @loader_path/Frameworks";
				PRODUCT_BUNDLE_IDENTIFIER = com.yamanakafumiya.masterchTests;
				PRODUCT_NAME = "$(TARGET_NAME)";
				TEST_HOST = "$(BUILT_PRODUCTS_DIR)/masterch.app/masterch";
			};
			name = Debug;
		};
		32C0A3671C5DF8EE009657B9 /* Release */ = {
			isa = XCBuildConfiguration;
			buildSettings = {
				INFOPLIST_FILE = masterchTests/Info.plist;
				LD_RUNPATH_SEARCH_PATHS = "$(inherited) @executable_path/Frameworks @loader_path/Frameworks";
				PRODUCT_BUNDLE_IDENTIFIER = com.yamanakafumiya.masterchTests;
				PRODUCT_NAME = "$(TARGET_NAME)";
				TEST_HOST = "$(BUILT_PRODUCTS_DIR)/masterch.app/masterch";
			};
			name = Release;
		};
		32C0A3691C5DF8EE009657B9 /* Debug */ = {
			isa = XCBuildConfiguration;
			buildSettings = {
				INFOPLIST_FILE = masterchUITests/Info.plist;
				LD_RUNPATH_SEARCH_PATHS = "$(inherited) @executable_path/Frameworks @loader_path/Frameworks";
				PRODUCT_BUNDLE_IDENTIFIER = com.yamanakafumiya.masterchUITests;
				PRODUCT_NAME = "$(TARGET_NAME)";
				TEST_TARGET_NAME = masterch;
				USES_XCTRUNNER = YES;
			};
			name = Debug;
		};
		32C0A36A1C5DF8EE009657B9 /* Release */ = {
			isa = XCBuildConfiguration;
			buildSettings = {
				INFOPLIST_FILE = masterchUITests/Info.plist;
				LD_RUNPATH_SEARCH_PATHS = "$(inherited) @executable_path/Frameworks @loader_path/Frameworks";
				PRODUCT_BUNDLE_IDENTIFIER = com.yamanakafumiya.masterchUITests;
				PRODUCT_NAME = "$(TARGET_NAME)";
				TEST_TARGET_NAME = masterch;
				USES_XCTRUNNER = YES;
			};
			name = Release;
		};
/* End XCBuildConfiguration section */

/* Begin XCConfigurationList section */
		32C0A3351C5DF8ED009657B9 /* Build configuration list for PBXProject "masterch" */ = {
			isa = XCConfigurationList;
			buildConfigurations = (
				32C0A3601C5DF8EE009657B9 /* Debug */,
				32C0A3611C5DF8EE009657B9 /* Release */,
			);
			defaultConfigurationIsVisible = 0;
			defaultConfigurationName = Release;
		};
		32C0A3621C5DF8EE009657B9 /* Build configuration list for PBXNativeTarget "masterch" */ = {
			isa = XCConfigurationList;
			buildConfigurations = (
				32C0A3631C5DF8EE009657B9 /* Debug */,
				32C0A3641C5DF8EE009657B9 /* Release */,
			);
			defaultConfigurationIsVisible = 0;
			defaultConfigurationName = Release;
		};
		32C0A3651C5DF8EE009657B9 /* Build configuration list for PBXNativeTarget "masterchTests" */ = {
			isa = XCConfigurationList;
			buildConfigurations = (
				32C0A3661C5DF8EE009657B9 /* Debug */,
				32C0A3671C5DF8EE009657B9 /* Release */,
			);
			defaultConfigurationIsVisible = 0;
			defaultConfigurationName = Release;
		};
		32C0A3681C5DF8EE009657B9 /* Build configuration list for PBXNativeTarget "masterchUITests" */ = {
			isa = XCConfigurationList;
			buildConfigurations = (
				32C0A3691C5DF8EE009657B9 /* Debug */,
				32C0A36A1C5DF8EE009657B9 /* Release */,
			);
			defaultConfigurationIsVisible = 0;
			defaultConfigurationName = Release;
		};
/* End XCConfigurationList section */
	};
	rootObject = 32C0A3321C5DF8ED009657B9 /* Project object */;
}
